PATH
  remote: .
  specs:
    metaco (0.1.0)

GEM
  remote: https://rubygems.org/
  specs:
    power_assert (3.0.1)
    rake (13.3.1)
    rake-compiler (1.3.1)
      rake
    test-unit (3.7.7)
      power_assert

PLATFORMS
  arm64-darwin-24
  ruby

DEPENDENCIES
  metaco!
  rake (~> 13.0)
  rake-compiler (~> 1.2)
  test-unit (~> 3.6)

CHECKSUMS
  metaco (0.1.0)
  power_assert (3.0.1) sha256=8ce9876716cc74e863fcd4cdcdc52d792bd983598d1af3447083a3a9a4d34103
  rake (13.3.1) sha256=8c9e89d09f66a26a01264e7e3480ec0607f0c497a861ef16063604b1b08eb19c
  rake-compiler (1.3.1) sha256=6b351612b6e2d73ddd5563ee799bb58685176e05363db6758504bd11573d670a
  test-unit (3.7.7) sha256=3c89d5ff0690a16bef9946156c4624390402b9d54dfcf4ce9cbd5b06bead1e45

BUNDLED WITH
  4.0.3
